
Microsoft Visual Studio Solution File, Format Version 12.00
Project("{FAE04EC0-301F-11D3-BF4B-00C04F79EFBC}") = "ImGuiGlfwDotnet", "ImGuiGlfwDotnet\ImGuiGlfwDotnet.csproj", "{B515A0D2-E172-4C50-B2B4-A74A504B945D}"
EndProject
Project("{FAE04EC0-301F-11D3-BF4B-00C04F79EFBC}") = "ImGuiGlfwDotnet.Sample", "ImGuiGlfwDotnet.Sample\ImGuiGlfwDotnet.Sample.csproj", "{63403017-2DFD-4B25-A31C-86501E5C9E32}"
EndProject
Global
	GlobalSection(SolutionConfigurationPlatforms) = preSolution
		Debug|Any CPU = Debug|Any CPU
		Release|Any CPU = Release|Any CPU
	EndGlobalSection
	GlobalSection(ProjectConfigurationPlatforms) = postSolution
		{B515A0D2-E172-4C50-B2B4-A74A504B945D}.Debug|Any CPU.ActiveCfg = Debug|Any CPU
		{B515A0D2-E172-4C50-B2B4-A74A504B945D}.Debug|Any CPU.Build.0 = Debug|Any CPU
		{B515A0D2-E172-4C50-B2B4-A74A504B945D}.Release|Any CPU.ActiveCfg = Release|Any CPU
		{B515A0D2-E172-4C50-B2B4-A74A504B945D}.Release|Any CPU.Build.0 = Release|Any CPU
		{63403017-2DFD-4B25-A31C-86501E5C9E32}.Debug|Any CPU.ActiveCfg = Debug|Any CPU
		{63403017-2DFD-4B25-A31C-86501E5C9E32}.Debug|Any CPU.Build.0 = Debug|Any CPU
		{63403017-2DFD-4B25-A31C-86501E5C9E32}.Release|Any CPU.ActiveCfg = Release|Any CPU
		{63403017-2DFD-4B25-A31C-86501E5C9E32}.Release|Any CPU.Build.0 = Release|Any CPU
	EndGlobalSection
EndGlobal
